{
  "originHash" : "cf535ce726f462bd445242d36e60c5aa5a42dabc50dd657e84da06acdb0fad4e",
  "pins" : [
    {
      "identity" : "claudeforfoundationmodels",
      "kind" : "remoteSourceControl",
      "location" : "https://github.com/anthropics/ClaudeForFoundationModels.git",
      "state" : {
        "revision" : "98a74ff2300996ff192062c25114aea8c4103d2b"
      }
    },
    {
      "identity" : "grdb.swift",
      "kind" : "remoteSourceControl",
      "location" : "https://github.com/groue/GRDB.swift.git",
      "state" : {
        "revision" : "36e30a6f1ef10e4194f6af0cff90888526f0c115",
        "version" : "7.10.0"
      }
    }
  ],
  "version" : 3
}
